<?xml version="1.0" encoding="utf-8"?>
<Project ToolsVersion="4.0" xmlns="http://schemas.microsoft.com/developer/msbuild/2003">
  <ItemGroup>
    <Filter Include="engine">
      <UniqueIdentifier>{a95363a9-3324-4a5e-9254-34a474d75d11}</UniqueIdentifier>
    </Filter>
    <Filter Include="game">
      <UniqueIdentifier>{fa688f55-c7b8-476d-9f84-15dfad662559}</UniqueIdentifier>
    </Filter>
    <Filter Include="assets">
      <UniqueIdentifier>{09e59806-de90-4d34-9077-8cfddf172ff4}</UniqueIdentifier>
    </Filter>
    <Filter Include="engine\components">
      <UniqueIdentifier>{6237be65-ee85-4410-8859-64775102f7fe}</UniqueIdentifier>
    </Filter>
  </ItemGroup>
  <ItemGroup>
    <ClCompile Include="engine\Timer.cpp">
      <Filter>engine</Filter>
    </ClCompile>
    <ClCompile Include="game\Arena.cpp">
      <Filter>game</Filter>
    </ClCompile>
    <ClCompile Include="game\Main.cpp">
      <Filter>game</Filter>
    </ClCompile>
    <ClCompile Include="game\Missile.cpp">
      <Filter>game</Filter>
    </ClCompile>
    <ClCompile Include="game\Ship.cpp">
      <Filter>game</Filter>
    </ClCompile>
    <ClCompile Include="engine\TextureManager.cpp">
      <Filter>engine</Filter>
    </ClCompile>
    <ClCompile Include="engine\Engine.cpp">
      <Filter>engine</Filter>
    </ClCompile>
    <ClCompile Include="engine\AssetManager.cpp">
      <Filter>engine</Filter>
    </ClCompile>
    <ClCompile Include="engine\FontManager.cpp">
      <Filter>engine</Filter>
    </ClCompile>
    <ClCompile Include="engine\SoundManager.cpp">
      <Filter>engine</Filter>
    </ClCompile>
    <ClCompile Include="engine\MusicManager.cpp">
      <Filter>engine</Filter>
    </ClCompile>
    <ClCompile Include="engine\Subject.cpp">
      <Filter>engine</Filter>
    </ClCompile>
    <ClCompile Include="engine\CollisionObserver.cpp">
      <Filter>engine</Filter>
    </ClCompile>
    <ClCompile Include="engine\InputSystem.cpp">
      <Filter>engine</Filter>
    </ClCompile>
    <ClCompile Include="engine\PhysicsSystem.cpp">
      <Filter>engine</Filter>
    </ClCompile>
    <ClCompile Include="engine\GameObjectManager.cpp">
      <Filter>engine</Filter>
    </ClCompile>
    <ClCompile Include="engine\GameObject.cpp">
      <Filter>engine</Filter>
    </ClCompile>
    <ClCompile Include="game\AsteroidScript.cpp">
      <Filter>game</Filter>
    </ClCompile>
    <ClCompile Include="engine\AnimationComponent.cpp">
      <Filter>engine\components</Filter>
    </ClCompile>
    <ClCompile Include="engine\BoxColliderComponent.cpp">
      <Filter>engine\components</Filter>
    </ClCompile>
    <ClCompile Include="engine\RigidbodyComponent.cpp">
      <Filter>engine\components</Filter>
    </ClCompile>
    <ClCompile Include="engine\SpriteComponent.cpp">
      <Filter>engine\components</Filter>
    </ClCompile>
    <ClCompile Include="engine\SteeringComponent.cpp">
      <Filter>engine\components</Filter>
    </ClCompile>
    <ClCompile Include="engine\TextComponent.cpp">
      <Filter>engine\components</Filter>
    </ClCompile>
  </ItemGroup>
  <ItemGroup>
    <ClInclude Include="engine\Timer.h">
      <Filter>engine</Filter>
    </ClInclude>
    <ClInclude Include="game\Arena.h">
      <Filter>game</Filter>
    </ClInclude>
    <ClInclude Include="game\Missile.h">
      <Filter>game</Filter>
    </ClInclude>
    <ClInclude Include="game\Ship.h">
      <Filter>game</Filter>
    </ClInclude>
    <ClInclude Include="engine\TextureManager.h">
      <Filter>engine</Filter>
    </ClInclude>
    <ClInclude Include="engine\Engine.h">
      <Filter>engine</Filter>
    </ClInclude>
    <ClInclude Include="engine\AssetManager.h">
      <Filter>engine</Filter>
    </ClInclude>
    <ClInclude Include="engine\Constants.h">
      <Filter>engine</Filter>
    </ClInclude>
    <ClInclude Include="engine\FontManager.h">
      <Filter>engine</Filter>
    </ClInclude>
    <ClInclude Include="engine\SoundManager.h">
      <Filter>engine</Filter>
    </ClInclude>
    <ClInclude Include="engine\MusicManager.h">
      <Filter>engine</Filter>
    </ClInclude>
    <ClInclude Include="engine\GameObject.h">
      <Filter>engine</Filter>
    </ClInclude>
    <ClInclude Include="engine\GameObjectManager.h">
      <Filter>engine</Filter>
    </ClInclude>
    <ClInclude Include="game\Player1Controller.h">
      <Filter>game</Filter>
    </ClInclude>
    <ClInclude Include="engine\CollisionSystem.h">
      <Filter>engine</Filter>
    </ClInclude>
    <ClInclude Include="engine\Observer.h">
      <Filter>engine</Filter>
    </ClInclude>
    <ClInclude Include="engine\Subject.h">
      <Filter>engine</Filter>
    </ClInclude>
    <ClInclude Include="engine\PhysicsSystem.h">
      <Filter>engine</Filter>
    </ClInclude>
    <ClInclude Include="engine\Event.h">
      <Filter>engine</Filter>
    </ClInclude>
    <ClInclude Include="engine\CollisionObserver.h">
      <Filter>engine</Filter>
    </ClInclude>
    <ClInclude Include="engine\CollisionEvent.h">
      <Filter>engine</Filter>
    </ClInclude>
    <ClInclude Include="engine\InputSystem.h">
      <Filter>engine</Filter>
    </ClInclude>
    <ClInclude Include="game\AsteroidScript.h">
      <Filter>game</Filter>
    </ClInclude>
    <ClInclude Include="game\MissileLauncher.h">
      <Filter>game</Filter>
    </ClInclude>
    <ClInclude Include="game\FlareLauncher.h">
      <Filter>game</Filter>
    </ClInclude>
    <ClInclude Include="game\Cannon.h">
      <Filter>game</Filter>
    </ClInclude>
    <ClInclude Include="engine\AnimationComponent.h">
      <Filter>engine\components</Filter>
    </ClInclude>
    <ClInclude Include="engine\BoxColliderComponent.h">
      <Filter>engine\components</Filter>
    </ClInclude>
    <ClInclude Include="engine\Component.h">
      <Filter>engine\components</Filter>
    </ClInclude>
    <ClInclude Include="engine\RigidbodyComponent.h">
      <Filter>engine\components</Filter>
    </ClInclude>
    <ClInclude Include="engine\SpriteComponent.h">
      <Filter>engine\components</Filter>
    </ClInclude>
    <ClInclude Include="engine\SteeringComponent.h">
      <Filter>engine\components</Filter>
    </ClInclude>
    <ClInclude Include="engine\TransformComponent.h">
      <Filter>engine\components</Filter>
    </ClInclude>
    <ClInclude Include="engine\TextComponent.h">
      <Filter>engine\components</Filter>
    </ClInclude>
    <ClInclude Include="game\FPSScript.h">
      <Filter>game</Filter>
    </ClInclude>
  </ItemGroup>
  <ItemGroup>
    <Font Include="assets\arial.ttf">
      <Filter>assets</Filter>
    </Font>
    <Font Include="assets\lazy.ttf">
      <Filter>assets</Filter>
    </Font>
  </ItemGroup>
  <ItemGroup>
    <Image Include="assets\arial32.png">
      <Filter>assets</Filter>
    </Image>
    <Image Include="assets\asteroid.png">
      <Filter>assets</Filter>
    </Image>
    <Image Include="assets\bullet1.png">
      <Filter>assets</Filter>
    </Image>
    <Image Include="assets\explosion_spritesheet.png">
      <Filter>assets</Filter>
    </Image>
    <Image Include="assets\flare.png">
      <Filter>assets</Filter>
    </Image>
    <Image Include="assets\missile.png">
      <Filter>assets</Filter>
    </Image>
    <Image Include="assets\missile_.png">
      <Filter>assets</Filter>
    </Image>
    <Image Include="assets\sample-gameplay.png">
      <Filter>assets</Filter>
    </Image>
    <Image Include="assets\ship1.png">
      <Filter>assets</Filter>
    </Image>
    <Image Include="assets\ship1_.png">
      <Filter>assets</Filter>
    </Image>
    <Image Include="assets\ship1_old.png">
      <Filter>assets</Filter>
    </Image>
    <Image Include="assets\ship2.png">
      <Filter>assets</Filter>
    </Image>
    <Image Include="assets\ship2_.png">
      <Filter>assets</Filter>
    </Image>
    <Image Include="assets\ship2_old.png">
      <Filter>assets</Filter>
    </Image>
  </ItemGroup>
  <ItemGroup>
    <Media Include="assets\Battle2.mp3">
      <Filter>assets</Filter>
    </Media>
    <Media Include="assets\explosion1.wav">
      <Filter>assets</Filter>
    </Media>
    <Media Include="assets\missile1.wav">
      <Filter>assets</Filter>
    </Media>
    <Media Include="assets\shot1.wav">
      <Filter>assets</Filter>
    </Media>
  </ItemGroup>
</Project>